
Microsoft Visual Studio Solution File, Format Version 12.00
# Visual Studio Version 17
VisualStudioVersion = 17.5.33516.290
MinimumVisualStudioVersion = 10.0.40219.1
Project("{FAE04EC0-301F-11D3-BF4B-00C04F79EFBC}") = "SelectNCProgramSample", "SelectNCProgramSample.csproj", "{DF6CBFEF-A81D-4033-BF59-5C5E5D6C14BB}"
EndProject
Global
	GlobalSection(SolutionConfigurationPlatforms) = preSolution
		Debug|Any CPU = Debug|Any CPU
		Release|Any CPU = Release|Any CPU
	EndGlobalSection
	GlobalSection(ProjectConfigurationPlatforms) = postSolution
		{DF6CBFEF-A81D-4033-BF59-5C5E5D6C14BB}.Debug|Any CPU.ActiveCfg = Debug|Any CPU
		{DF6CBFEF-A81D-4033-BF59-5C5E5D6C14BB}.Debug|Any CPU.Build.0 = Debug|Any CPU
		{DF6CBFEF-A81D-4033-BF59-5C5E5D6C14BB}.Release|Any CPU.ActiveCfg = Release|Any CPU
		{DF6CBFEF-A81D-4033-BF59-5C5E5D6C14BB}.Release|Any CPU.Build.0 = Release|Any CPU
	EndGlobalSection
	GlobalSection(SolutionProperties) = preSolution
		HideSolutionNode = FALSE
	EndGlobalSection
	GlobalSection(ExtensibilityGlobals) = postSolution
		SolutionGuid = {1E977237-DEE4-4DD7-A0B1-2687E5C72540}
	EndGlobalSection
EndGlobal
